
Microsoft Visual Studio Solution File, Format Version 12.00
# Visual Studio Version 17
VisualStudioVersion = 17.11.35312.102
MinimumVisualStudioVersion = 10.0.40219.1
Project("{54A90642-561A-4BB1-A94E-469ADEE60C69}") = "simple-blog-front-end", "client\simple-blog-front-end.esproj", "{25CCEFEE-FB9C-4AF7-AEF2-12ACCB6C0680}"
EndProject
Project("{9A19103F-16F7-4668-BE54-9A1E7A4F7556}") = "Api", "Server\Api\Api.csproj", "{A5CB1629-3E7C-4FE8-B481-19E82655B2F2}"
EndProject
Project("{9A19103F-16F7-4668-BE54-9A1E7A4F7556}") = "Business", "Server\Business\Business.csproj", "{8FBF8A64-BAD0-4D7F-AA32-0ECF67B6F316}"
EndProject
Project("{FAE04EC0-301F-11D3-BF4B-00C04F79EFBC}") = "Data", "Server\Data\Data.csproj", "{95CF2554-9ADE-44C9-88CF-EBA7014B4EB4}"
EndProject
Project("{2150E333-8FDC-42A3-9474-1A3956D46DE8}") = "Server", "Server", "{F1268D3A-B6EC-4B99-8A52-7AC6DD32C13C}"
EndProject
Project("{2150E333-8FDC-42A3-9474-1A3956D46DE8}") = "client", "client", "{3AE1C499-ADD8-47B5-B2C8-0B63C209AC5D}"
EndProject
Global
	GlobalSection(SolutionConfigurationPlatforms) = preSolution
		Debug|Any CPU = Debug|Any CPU
		Release|Any CPU = Release|Any CPU
	EndGlobalSection
	GlobalSection(ProjectConfigurationPlatforms) = postSolution
		{25CCEFEE-FB9C-4AF7-AEF2-12ACCB6C0680}.Debug|Any CPU.ActiveCfg = Debug|Any CPU
		{25CCEFEE-FB9C-4AF7-AEF2-12ACCB6C0680}.Debug|Any CPU.Build.0 = Debug|Any CPU
		{25CCEFEE-FB9C-4AF7-AEF2-12ACCB6C0680}.Debug|Any CPU.Deploy.0 = Debug|Any CPU
		{25CCEFEE-FB9C-4AF7-AEF2-12ACCB6C0680}.Release|Any CPU.ActiveCfg = Release|Any CPU
		{25CCEFEE-FB9C-4AF7-AEF2-12ACCB6C0680}.Release|Any CPU.Build.0 = Release|Any CPU
		{25CCEFEE-FB9C-4AF7-AEF2-12ACCB6C0680}.Release|Any CPU.Deploy.0 = Release|Any CPU
		{A5CB1629-3E7C-4FE8-B481-19E82655B2F2}.Debug|Any CPU.ActiveCfg = Debug|Any CPU
		{A5CB1629-3E7C-4FE8-B481-19E82655B2F2}.Debug|Any CPU.Build.0 = Debug|Any CPU
		{A5CB1629-3E7C-4FE8-B481-19E82655B2F2}.Release|Any CPU.ActiveCfg = Release|Any CPU
		{A5CB1629-3E7C-4FE8-B481-19E82655B2F2}.Release|Any CPU.Build.0 = Release|Any CPU
		{8FBF8A64-BAD0-4D7F-AA32-0ECF67B6F316}.Debug|Any CPU.ActiveCfg = Debug|Any CPU
		{8FBF8A64-BAD0-4D7F-AA32-0ECF67B6F316}.Debug|Any CPU.Build.0 = Debug|Any CPU
		{8FBF8A64-BAD0-4D7F-AA32-0ECF67B6F316}.Release|Any CPU.ActiveCfg = Release|Any CPU
		{8FBF8A64-BAD0-4D7F-AA32-0ECF67B6F316}.Release|Any CPU.Build.0 = Release|Any CPU
		{95CF2554-9ADE-44C9-88CF-EBA7014B4EB4}.Debug|Any CPU.ActiveCfg = Debug|Any CPU
		{95CF2554-9ADE-44C9-88CF-EBA7014B4EB4}.Debug|Any CPU.Build.0 = Debug|Any CPU
		{95CF2554-9ADE-44C9-88CF-EBA7014B4EB4}.Release|Any CPU.ActiveCfg = Release|Any CPU
		{95CF2554-9ADE-44C9-88CF-EBA7014B4EB4}.Release|Any CPU.Build.0 = Release|Any CPU
	EndGlobalSection
	GlobalSection(SolutionProperties) = preSolution
		HideSolutionNode = FALSE
	EndGlobalSection
	GlobalSection(NestedProjects) = preSolution
		{25CCEFEE-FB9C-4AF7-AEF2-12ACCB6C0680} = {3AE1C499-ADD8-47B5-B2C8-0B63C209AC5D}
		{A5CB1629-3E7C-4FE8-B481-19E82655B2F2} = {F1268D3A-B6EC-4B99-8A52-7AC6DD32C13C}
		{8FBF8A64-BAD0-4D7F-AA32-0ECF67B6F316} = {F1268D3A-B6EC-4B99-8A52-7AC6DD32C13C}
		{95CF2554-9ADE-44C9-88CF-EBA7014B4EB4} = {F1268D3A-B6EC-4B99-8A52-7AC6DD32C13C}
	EndGlobalSection
	GlobalSection(ExtensibilityGlobals) = postSolution
		SolutionGuid = {B70FF85D-F324-49D2-81E8-CCF18B3E5C16}
	EndGlobalSection
EndGlobal
